Microsoft Visual Studio Solution File, Format Version 12.00
# Visual Studio Version 17
VisualStudioVersion = 17.5.2.0
MinimumVisualStudioVersion = 10.0.40219.1
Project("{FAE04EC0-301F-11D3-BF4B-00C04F79EFBC}") = "bank assignment", "bank assignment.csproj", "{8B9FB13D-F597-0DE0-85D9-774DD8E7C249}"
EndProject
Global
	GlobalSection(SolutionConfigurationPlatforms) = preSolution
		Debug|Any CPU = Debug|Any CPU
		Release|Any CPU = Release|Any CPU
	EndGlobalSection
	GlobalSection(ProjectConfigurationPlatforms) = postSolution
		{8B9FB13D-F597-0DE0-85D9-774DD8E7C249}.Debug|Any CPU.ActiveCfg = Debug|Any CPU
		{8B9FB13D-F597-0DE0-85D9-774DD8E7C249}.Debug|Any CPU.Build.0 = Debug|Any CPU
		{8B9FB13D-F597-0DE0-85D9-774DD8E7C249}.Release|Any CPU.ActiveCfg = Release|Any CPU
		{8B9FB13D-F597-0DE0-85D9-774DD8E7C249}.Release|Any CPU.Build.0 = Release|Any CPU
	EndGlobalSection
	GlobalSection(SolutionProperties) = preSolution
		HideSolutionNode = FALSE
	EndGlobalSection
	GlobalSection(ExtensibilityGlobals) = postSolution
		SolutionGuid = {9A27C343-3EEB-400C-88E5-D05ADCDBE0D7}
	EndGlobalSection
EndGlobal
